
Microsoft Visual Studio Solution File, Format Version 12.00
# Visual Studio Version 16
VisualStudioVersion = 16.0.29503.13
MinimumVisualStudioVersion = 10.0.40219.1
Project("{9A19103F-16F7-4668-BE54-9A1E7A4F7556}") = "Application.Api", "Application.Api\Application.Api.csproj", "{4C5D2462-0FC1-4FC3-8081-D7A1470368B8}"
EndProject
Project("{2150E333-8FDC-42A3-9474-1A3956D46DE8}") = "Application", "Application", "{4A07BF84-9C4F-479E-9541-DF1DBD96586A}"
EndProject
Project("{9A19103F-16F7-4668-BE54-9A1E7A4F7556}") = "Application.RequestMappers", "Application.RequestMappers\Application.RequestMappers.csproj", "{34C8BE6A-9F1F-49E2-AC48-2F74AD0E0D33}"
EndProject
Project("{9A19103F-16F7-4668-BE54-9A1E7A4F7556}") = "Application.Commands", "Application.Commands\Application.Commands.csproj", "{6B9C3A0E-A717-427A-83DE-C4DCD31C6528}"
EndProject
Project("{9A19103F-16F7-4668-BE54-9A1E7A4F7556}") = "Application.ProcessStatus", "Application.ProcessStatus\Application.ProcessStatus.csproj", "{F2A480BC-AFF3-42E4-9BDF-13A09DC6E87A}"
EndProject
Project("{9A19103F-16F7-4668-BE54-9A1E7A4F7556}") = "Application.Storage", "Application.Storage\Application.Storage.csproj", "{692EFAB1-6774-4073-9B83-DBEB7F2977AC}"
EndProject
Project("{2150E333-8FDC-42A3-9474-1A3956D46DE8}") = "Shared", "Shared", "{4DFD79F8-3A74-4B4C-A329-61A152FEB499}"
EndProject
Project("{9A19103F-16F7-4668-BE54-9A1E7A4F7556}") = "Upskill.Infrastructure", "Upskill.Infrastructure\Upskill.Infrastructure.csproj", "{D9ECFB75-6B22-4FBB-A861-A146D6A430E1}"
EndProject
Project("{9A19103F-16F7-4668-BE54-9A1E7A4F7556}") = "Upskill.Results", "Upskill.Results\Upskill.Results.csproj", "{F7E87741-117C-4DEA-916B-BA60C50C68AA}"
EndProject
Project("{9A19103F-16F7-4668-BE54-9A1E7A4F7556}") = "Application.Search", "Application.Search\Application.Search.csproj", "{3AC9C18C-7DF5-421E-91EA-A9F70AE311C8}"
EndProject
Project("{2150E333-8FDC-42A3-9474-1A3956D46DE8}") = "Category", "Category", "{92584842-4161-4BD1-A832-3B0A57EFDAFA}"
EndProject
Project("{9A19103F-16F7-4668-BE54-9A1E7A4F7556}") = "Upskill.FunctionUtils", "Upskill.FunctionUtils\Upskill.FunctionUtils.csproj", "{AC95A61E-7EF9-4DC4-AB03-99E412BA8868}"
EndProject
Project("{9A19103F-16F7-4668-BE54-9A1E7A4F7556}") = "Upskill.Storage", "Upskill.Storage\Upskill.Storage.csproj", "{4834A6A0-8278-41CA-A829-C145C243AA3E}"
EndProject
Project("{9A19103F-16F7-4668-BE54-9A1E7A4F7556}") = "Category.Storage", "Category.Storage\Category.Storage.csproj", "{7F020B7B-423A-481F-9735-E2F49127AD4A}"
EndProject
Project("{9A19103F-16F7-4668-BE54-9A1E7A4F7556}") = "Category.Api", "Category.Api\Category.Api.csproj", "{538BD8AE-87FC-4FCA-A924-895B0FE14A9C}"
EndProject
Project("{9A19103F-16F7-4668-BE54-9A1E7A4F7556}") = "Application.Category", "Application.Category\Application.Category.csproj", "{8478DA3E-1C71-44A4-B503-33EF18C60C26}"
EndProject
Project("{9A19103F-16F7-4668-BE54-9A1E7A4F7556}") = "Application.PushNotifications", "Application.PushNotifications\Application.PushNotifications.csproj", "{F97EC2F9-8E97-435E-BC3D-DB84457981EF}"
EndProject
Project("{9A19103F-16F7-4668-BE54-9A1E7A4F7556}") = "Upskill.Events", "Upskill.Events\Upskill.Events.csproj", "{D4439924-E071-495D-ABB8-5D0B4F1EE05F}"
EndProject
Project("{9A19103F-16F7-4668-BE54-9A1E7A4F7556}") = "Upskill.EventsInfrastructure", "Upskill.EventsInfrastructure\Upskill.EventsInfrastructure.csproj", "{0E9A6442-809B-4588-AF27-2A80F21B86B9}"
EndProject
Project("{9A19103F-16F7-4668-BE54-9A1E7A4F7556}") = "Application.Core", "Application.Core\Application.Core.csproj", "{611F20EF-9664-4168-974A-7F5DF42A5362}"
EndProject
Project("{9A19103F-16F7-4668-BE54-9A1E7A4F7556}") = "Category.Core", "Category.Core\Category.Core.csproj", "{CC2B6682-5AC4-489F-B2C1-21E2C15D98F9}"
EndProject
Project("{9A19103F-16F7-4668-BE54-9A1E7A4F7556}") = "Upskill.EventStore", "Upskill.EventStore\Upskill.EventStore.csproj", "{171F7985-9F21-4941-A82D-14F5C5CF6464}"
EndProject
Project("{9A19103F-16F7-4668-BE54-9A1E7A4F7556}") = "Upskill.Cache", "Upskill.Cache\Upskill.Cache.csproj", "{5BA76E6C-2732-43E4-ADE3-5A4C62A335C9}"
EndProject
Project("{9A19103F-16F7-4668-BE54-9A1E7A4F7556}") = "Upskill.RealTimeNotifications", "Upskill.RealTimeNotifications\Upskill.RealTimeNotifications.csproj", "{B923E462-3E04-4AAF-AEB9-25641B339D8C}"
EndProject
Project("{9A19103F-16F7-4668-BE54-9A1E7A4F7556}") = "Upskill.Search", "Upskill.Search\Upskill.Search.csproj", "{63BBB486-2AAE-47B5-A590-88A61FA87FEF}"
EndProject
Project("{9A19103F-16F7-4668-BE54-9A1E7A4F7556}") = "Category.Search", "Category.Search\Category.Search.csproj", "{162A5D3D-1296-40A9-9823-745C5B80428B}"
EndProject
Project("{FAE04EC0-301F-11D3-BF4B-00C04F79EFBC}") = "Upskill.ReindexGuards", "Upskill.ReindexGuards\Upskill.ReindexGuards.csproj", "{8E1BA3D1-0155-4366-BF70-BC3EB8533A04}"
EndProject
Global
	GlobalSection(SolutionConfigurationPlatforms) = preSolution
		Debug|Any CPU = Debug|Any CPU
		Release|Any CPU = Release|Any CPU
	EndGlobalSection
	GlobalSection(ProjectConfigurationPlatforms) = postSolution
		{4C5D2462-0FC1-4FC3-8081-D7A1470368B8}.Debug|Any CPU.ActiveCfg = Debug|Any CPU
		{4C5D2462-0FC1-4FC3-8081-D7A1470368B8}.Debug|Any CPU.Build.0 = Debug|Any CPU
		{4C5D2462-0FC1-4FC3-8081-D7A1470368B8}.Release|Any CPU.ActiveCfg = Release|Any CPU
		{4C5D2462-0FC1-4FC3-8081-D7A1470368B8}.Release|Any CPU.Build.0 = Release|Any CPU
		{34C8BE6A-9F1F-49E2-AC48-2F74AD0E0D33}.Debug|Any CPU.ActiveCfg = Debug|Any CPU
		{34C8BE6A-9F1F-49E2-AC48-2F74AD0E0D33}.Debug|Any CPU.Build.0 = Debug|Any CPU
		{34C8BE6A-9F1F-49E2-AC48-2F74AD0E0D33}.Release|Any CPU.ActiveCfg = Release|Any CPU
		{34C8BE6A-9F1F-49E2-AC48-2F74AD0E0D33}.Release|Any CPU.Build.0 = Release|Any CPU
		{6B9C3A0E-A717-427A-83DE-C4DCD31C6528}.Debug|Any CPU.ActiveCfg = Debug|Any CPU
		{6B9C3A0E-A717-427A-83DE-C4DCD31C6528}.Debug|Any CPU.Build.0 = Debug|Any CPU
		{6B9C3A0E-A717-427A-83DE-C4DCD31C6528}.Release|Any CPU.ActiveCfg = Release|Any CPU
		{6B9C3A0E-A717-427A-83DE-C4DCD31C6528}.Release|Any CPU.Build.0 = Release|Any CPU
		{F2A480BC-AFF3-42E4-9BDF-13A09DC6E87A}.Debug|Any CPU.ActiveCfg = Debug|Any CPU
		{F2A480BC-AFF3-42E4-9BDF-13A09DC6E87A}.Debug|Any CPU.Build.0 = Debug|Any CPU
		{F2A480BC-AFF3-42E4-9BDF-13A09DC6E87A}.Release|Any CPU.ActiveCfg = Release|Any CPU
		{F2A480BC-AFF3-42E4-9BDF-13A09DC6E87A}.Release|Any CPU.Build.0 = Release|Any CPU
		{692EFAB1-6774-4073-9B83-DBEB7F2977AC}.Debug|Any CPU.ActiveCfg = Debug|Any CPU
		{692EFAB1-6774-4073-9B83-DBEB7F2977AC}.Debug|Any CPU.Build.0 = Debug|Any CPU
		{692EFAB1-6774-4073-9B83-DBEB7F2977AC}.Release|Any CPU.ActiveCfg = Release|Any CPU
		{692EFAB1-6774-4073-9B83-DBEB7F2977AC}.Release|Any CPU.Build.0 = Release|Any CPU
		{D9ECFB75-6B22-4FBB-A861-A146D6A430E1}.Debug|Any CPU.ActiveCfg = Debug|Any CPU
		{D9ECFB75-6B22-4FBB-A861-A146D6A430E1}.Debug|Any CPU.Build.0 = Debug|Any CPU
		{D9ECFB75-6B22-4FBB-A861-A146D6A430E1}.Release|Any CPU.ActiveCfg = Release|Any CPU
		{D9ECFB75-6B22-4FBB-A861-A146D6A430E1}.Release|Any CPU.Build.0 = Release|Any CPU
		{F7E87741-117C-4DEA-916B-BA60C50C68AA}.Debug|Any CPU.ActiveCfg = Debug|Any CPU
		{F7E87741-117C-4DEA-916B-BA60C50C68AA}.Debug|Any CPU.Build.0 = Debug|Any CPU
		{F7E87741-117C-4DEA-916B-BA60C50C68AA}.Release|Any CPU.ActiveCfg = Release|Any CPU
		{F7E87741-117C-4DEA-916B-BA60C50C68AA}.Release|Any CPU.Build.0 = Release|Any CPU
		{3AC9C18C-7DF5-421E-91EA-A9F70AE311C8}.Debug|Any CPU.ActiveCfg = Debug|Any CPU
		{3AC9C18C-7DF5-421E-91EA-A9F70AE311C8}.Debug|Any CPU.Build.0 = Debug|Any CPU
		{3AC9C18C-7DF5-421E-91EA-A9F70AE311C8}.Release|Any CPU.ActiveCfg = Release|Any CPU
		{3AC9C18C-7DF5-421E-91EA-A9F70AE311C8}.Release|Any CPU.Build.0 = Release|Any CPU
		{AC95A61E-7EF9-4DC4-AB03-99E412BA8868}.Debug|Any CPU.ActiveCfg = Debug|Any CPU
		{AC95A61E-7EF9-4DC4-AB03-99E412BA8868}.Debug|Any CPU.Build.0 = Debug|Any CPU
		{AC95A61E-7EF9-4DC4-AB03-99E412BA8868}.Release|Any CPU.ActiveCfg = Release|Any CPU
		{AC95A61E-7EF9-4DC4-AB03-99E412BA8868}.Release|Any CPU.Build.0 = Release|Any CPU
		{4834A6A0-8278-41CA-A829-C145C243AA3E}.Debug|Any CPU.ActiveCfg = Debug|Any CPU
		{4834A6A0-8278-41CA-A829-C145C243AA3E}.Debug|Any CPU.Build.0 = Debug|Any CPU
		{4834A6A0-8278-41CA-A829-C145C243AA3E}.Release|Any CPU.ActiveCfg = Release|Any CPU
		{4834A6A0-8278-41CA-A829-C145C243AA3E}.Release|Any CPU.Build.0 = Release|Any CPU
		{7F020B7B-423A-481F-9735-E2F49127AD4A}.Debug|Any CPU.ActiveCfg = Debug|Any CPU
		{7F020B7B-423A-481F-9735-E2F49127AD4A}.Debug|Any CPU.Build.0 = Debug|Any CPU
		{7F020B7B-423A-481F-9735-E2F49127AD4A}.Release|Any CPU.ActiveCfg = Release|Any CPU
		{7F020B7B-423A-481F-9735-E2F49127AD4A}.Release|Any CPU.Build.0 = Release|Any CPU
		{538BD8AE-87FC-4FCA-A924-895B0FE14A9C}.Debug|Any CPU.ActiveCfg = Debug|Any CPU
		{538BD8AE-87FC-4FCA-A924-895B0FE14A9C}.Debug|Any CPU.Build.0 = Debug|Any CPU
		{538BD8AE-87FC-4FCA-A924-895B0FE14A9C}.Release|Any CPU.ActiveCfg = Release|Any CPU
		{538BD8AE-87FC-4FCA-A924-895B0FE14A9C}.Release|Any CPU.Build.0 = Release|Any CPU
		{8478DA3E-1C71-44A4-B503-33EF18C60C26}.Debug|Any CPU.ActiveCfg = Debug|Any CPU
		{8478DA3E-1C71-44A4-B503-33EF18C60C26}.Debug|Any CPU.Build.0 = Debug|Any CPU
		{8478DA3E-1C71-44A4-B503-33EF18C60C26}.Release|Any CPU.ActiveCfg = Release|Any CPU
		{8478DA3E-1C71-44A4-B503-33EF18C60C26}.Release|Any CPU.Build.0 = Release|Any CPU
		{F97EC2F9-8E97-435E-BC3D-DB84457981EF}.Debug|Any CPU.ActiveCfg = Debug|Any CPU
		{F97EC2F9-8E97-435E-BC3D-DB84457981EF}.Debug|Any CPU.Build.0 = Debug|Any CPU
		{F97EC2F9-8E97-435E-BC3D-DB84457981EF}.Release|Any CPU.ActiveCfg = Release|Any CPU
		{F97EC2F9-8E97-435E-BC3D-DB84457981EF}.Release|Any CPU.Build.0 = Release|Any CPU
		{D4439924-E071-495D-ABB8-5D0B4F1EE05F}.Debug|Any CPU.ActiveCfg = Debug|Any CPU
		{D4439924-E071-495D-ABB8-5D0B4F1EE05F}.Debug|Any CPU.Build.0 = Debug|Any CPU
		{D4439924-E071-495D-ABB8-5D0B4F1EE05F}.Release|Any CPU.ActiveCfg = Release|Any CPU
		{D4439924-E071-495D-ABB8-5D0B4F1EE05F}.Release|Any CPU.Build.0 = Release|Any CPU
		{0E9A6442-809B-4588-AF27-2A80F21B86B9}.Debug|Any CPU.ActiveCfg = Debug|Any CPU
		{0E9A6442-809B-4588-AF27-2A80F21B86B9}.Debug|Any CPU.Build.0 = Debug|Any CPU
		{0E9A6442-809B-4588-AF27-2A80F21B86B9}.Release|Any CPU.ActiveCfg = Release|Any CPU
		{0E9A6442-809B-4588-AF27-2A80F21B86B9}.Release|Any CPU.Build.0 = Release|Any CPU
		{611F20EF-9664-4168-974A-7F5DF42A5362}.Debug|Any CPU.ActiveCfg = Debug|Any CPU
		{611F20EF-9664-4168-974A-7F5DF42A5362}.Debug|Any CPU.Build.0 = Debug|Any CPU
		{611F20EF-9664-4168-974A-7F5DF42A5362}.Release|Any CPU.ActiveCfg = Release|Any CPU
		{611F20EF-9664-4168-974A-7F5DF42A5362}.Release|Any CPU.Build.0 = Release|Any CPU
		{CC2B6682-5AC4-489F-B2C1-21E2C15D98F9}.Debug|Any CPU.ActiveCfg = Debug|Any CPU
		{CC2B6682-5AC4-489F-B2C1-21E2C15D98F9}.Debug|Any CPU.Build.0 = Debug|Any CPU
		{CC2B6682-5AC4-489F-B2C1-21E2C15D98F9}.Release|Any CPU.ActiveCfg = Release|Any CPU
		{CC2B6682-5AC4-489F-B2C1-21E2C15D98F9}.Release|Any CPU.Build.0 = Release|Any CPU
		{171F7985-9F21-4941-A82D-14F5C5CF6464}.Debug|Any CPU.ActiveCfg = Debug|Any CPU
		{171F7985-9F21-4941-A82D-14F5C5CF6464}.Debug|Any CPU.Build.0 = Debug|Any CPU
		{171F7985-9F21-4941-A82D-14F5C5CF6464}.Release|Any CPU.ActiveCfg = Release|Any CPU
		{171F7985-9F21-4941-A82D-14F5C5CF6464}.Release|Any CPU.Build.0 = Release|Any CPU
		{5BA76E6C-2732-43E4-ADE3-5A4C62A335C9}.Debug|Any CPU.ActiveCfg = Debug|Any CPU
		{5BA76E6C-2732-43E4-ADE3-5A4C62A335C9}.Debug|Any CPU.Build.0 = Debug|Any CPU
		{5BA76E6C-2732-43E4-ADE3-5A4C62A335C9}.Release|Any CPU.ActiveCfg = Release|Any CPU
		{5BA76E6C-2732-43E4-ADE3-5A4C62A335C9}.Release|Any CPU.Build.0 = Release|Any CPU
		{B923E462-3E04-4AAF-AEB9-25641B339D8C}.Debug|Any CPU.ActiveCfg = Debug|Any CPU
		{B923E462-3E04-4AAF-AEB9-25641B339D8C}.Debug|Any CPU.Build.0 = Debug|Any CPU
		{B923E462-3E04-4AAF-AEB9-25641B339D8C}.Release|Any CPU.ActiveCfg = Release|Any CPU
		{B923E462-3E04-4AAF-AEB9-25641B339D8C}.Release|Any CPU.Build.0 = Release|Any CPU
		{63BBB486-2AAE-47B5-A590-88A61FA87FEF}.Debug|Any CPU.ActiveCfg = Debug|Any CPU
		{63BBB486-2AAE-47B5-A590-88A61FA87FEF}.Debug|Any CPU.Build.0 = Debug|Any CPU
		{63BBB486-2AAE-47B5-A590-88A61FA87FEF}.Release|Any CPU.ActiveCfg = Release|Any CPU
		{63BBB486-2AAE-47B5-A590-88A61FA87FEF}.Release|Any CPU.Build.0 = Release|Any CPU
		{162A5D3D-1296-40A9-9823-745C5B80428B}.Debug|Any CPU.ActiveCfg = Debug|Any CPU
		{162A5D3D-1296-40A9-9823-745C5B80428B}.Debug|Any CPU.Build.0 = Debug|Any CPU
		{162A5D3D-1296-40A9-9823-745C5B80428B}.Release|Any CPU.ActiveCfg = Release|Any CPU
		{162A5D3D-1296-40A9-9823-745C5B80428B}.Release|Any CPU.Build.0 = Release|Any CPU
		{8E1BA3D1-0155-4366-BF70-BC3EB8533A04}.Debug|Any CPU.ActiveCfg = Debug|Any CPU
		{8E1BA3D1-0155-4366-BF70-BC3EB8533A04}.Debug|Any CPU.Build.0 = Debug|Any CPU
		{8E1BA3D1-0155-4366-BF70-BC3EB8533A04}.Release|Any CPU.ActiveCfg = Release|Any CPU
		{8E1BA3D1-0155-4366-BF70-BC3EB8533A04}.Release|Any CPU.Build.0 = Release|Any CPU
	EndGlobalSection
	GlobalSection(SolutionProperties) = preSolution
		HideSolutionNode = FALSE
	EndGlobalSection
	GlobalSection(NestedProjects) = preSolution
		{4C5D2462-0FC1-4FC3-8081-D7A1470368B8} = {4A07BF84-9C4F-479E-9541-DF1DBD96586A}
		{34C8BE6A-9F1F-49E2-AC48-2F74AD0E0D33} = {4A07BF84-9C4F-479E-9541-DF1DBD96586A}
		{6B9C3A0E-A717-427A-83DE-C4DCD31C6528} = {4A07BF84-9C4F-479E-9541-DF1DBD96586A}
		{F2A480BC-AFF3-42E4-9BDF-13A09DC6E87A} = {4A07BF84-9C4F-479E-9541-DF1DBD96586A}
		{692EFAB1-6774-4073-9B83-DBEB7F2977AC} = {4A07BF84-9C4F-479E-9541-DF1DBD96586A}
		{D9ECFB75-6B22-4FBB-A861-A146D6A430E1} = {4DFD79F8-3A74-4B4C-A329-61A152FEB499}
		{F7E87741-117C-4DEA-916B-BA60C50C68AA} = {4DFD79F8-3A74-4B4C-A329-61A152FEB499}
		{3AC9C18C-7DF5-421E-91EA-A9F70AE311C8} = {4A07BF84-9C4F-479E-9541-DF1DBD96586A}
		{AC95A61E-7EF9-4DC4-AB03-99E412BA8868} = {4DFD79F8-3A74-4B4C-A329-61A152FEB499}
		{4834A6A0-8278-41CA-A829-C145C243AA3E} = {4DFD79F8-3A74-4B4C-A329-61A152FEB499}
		{7F020B7B-423A-481F-9735-E2F49127AD4A} = {92584842-4161-4BD1-A832-3B0A57EFDAFA}
		{538BD8AE-87FC-4FCA-A924-895B0FE14A9C} = {92584842-4161-4BD1-A832-3B0A57EFDAFA}
		{8478DA3E-1C71-44A4-B503-33EF18C60C26} = {4A07BF84-9C4F-479E-9541-DF1DBD96586A}
		{F97EC2F9-8E97-435E-BC3D-DB84457981EF} = {4A07BF84-9C4F-479E-9541-DF1DBD96586A}
		{D4439924-E071-495D-ABB8-5D0B4F1EE05F} = {4DFD79F8-3A74-4B4C-A329-61A152FEB499}
		{0E9A6442-809B-4588-AF27-2A80F21B86B9} = {4DFD79F8-3A74-4B4C-A329-61A152FEB499}
		{611F20EF-9664-4168-974A-7F5DF42A5362} = {4A07BF84-9C4F-479E-9541-DF1DBD96586A}
		{CC2B6682-5AC4-489F-B2C1-21E2C15D98F9} = {92584842-4161-4BD1-A832-3B0A57EFDAFA}
		{171F7985-9F21-4941-A82D-14F5C5CF6464} = {4DFD79F8-3A74-4B4C-A329-61A152FEB499}
		{5BA76E6C-2732-43E4-ADE3-5A4C62A335C9} = {4DFD79F8-3A74-4B4C-A329-61A152FEB499}
		{B923E462-3E04-4AAF-AEB9-25641B339D8C} = {4DFD79F8-3A74-4B4C-A329-61A152FEB499}
		{63BBB486-2AAE-47B5-A590-88A61FA87FEF} = {4DFD79F8-3A74-4B4C-A329-61A152FEB499}
		{162A5D3D-1296-40A9-9823-745C5B80428B} = {92584842-4161-4BD1-A832-3B0A57EFDAFA}
		{8E1BA3D1-0155-4366-BF70-BC3EB8533A04} = {4DFD79F8-3A74-4B4C-A329-61A152FEB499}
	EndGlobalSection
	GlobalSection(ExtensibilityGlobals) = postSolution
		SolutionGuid = {BEEA3619-2CA9-4BDD-B713-A656BE95FBB0}
	EndGlobalSection
EndGlobal
